
Microsoft Visual Studio Solution File, Format Version 12.00
# Visual Studio Version 17
VisualStudioVersion = 17.8.34330.188
MinimumVisualStudioVersion = 10.0.40219.1
Project("{FAE04EC0-301F-11D3-BF4B-00C04F79EFBC}") = "DIGITAL CLOCK", "DIGITAL CLOCK\DIGITAL CLOCK.csproj", "{47EBAD66-4566-423F-B1C9-E761A4346A55}"
EndProject
Global
	GlobalSection(SolutionConfigurationPlatforms) = preSolution
		Debug|Any CPU = Debug|Any CPU
		Release|Any CPU = Release|Any CPU
	EndGlobalSection
	GlobalSection(ProjectConfigurationPlatforms) = postSolution
		{47EBAD66-4566-423F-B1C9-E761A4346A55}.Debug|Any CPU.ActiveCfg = Debug|Any CPU
		{47EBAD66-4566-423F-B1C9-E761A4346A55}.Debug|Any CPU.Build.0 = Debug|Any CPU
		{47EBAD66-4566-423F-B1C9-E761A4346A55}.Release|Any CPU.ActiveCfg = Release|Any CPU
		{47EBAD66-4566-423F-B1C9-E761A4346A55}.Release|Any CPU.Build.0 = Release|Any CPU
	EndGlobalSection
	GlobalSection(SolutionProperties) = preSolution
		HideSolutionNode = FALSE
	EndGlobalSection
	GlobalSection(ExtensibilityGlobals) = postSolution
		SolutionGuid = {B6E63457-B0D6-444F-81CD-093E40822CB1}
	EndGlobalSection
EndGlobal
